
Microsoft Visual Studio Solution File, Format Version 12.00
# Visual Studio Version 17
VisualStudioVersion = 17.4.33403.182
MinimumVisualStudioVersion = 10.0.40219.1
Project("{FAE04EC0-301F-11D3-BF4B-00C04F79EFBC}") = "Game Launcher", "Game Launcher.csproj", "{A0C111CF-C657-4B9A-A610-ADA2C1B654BE}"
EndProject
Global
	GlobalSection(SolutionConfigurationPlatforms) = preSolution
		Debug|Any CPU = Debug|Any CPU
		Release|Any CPU = Release|Any CPU
	EndGlobalSection
	GlobalSection(ProjectConfigurationPlatforms) = postSolution
		{A0C111CF-C657-4B9A-A610-ADA2C1B654BE}.Debug|Any CPU.ActiveCfg = Debug|Any CPU
		{A0C111CF-C657-4B9A-A610-ADA2C1B654BE}.Debug|Any CPU.Build.0 = Debug|Any CPU
		{A0C111CF-C657-4B9A-A610-ADA2C1B654BE}.Release|Any CPU.ActiveCfg = Release|Any CPU
		{A0C111CF-C657-4B9A-A610-ADA2C1B654BE}.Release|Any CPU.Build.0 = Release|Any CPU
	EndGlobalSection
	GlobalSection(SolutionProperties) = preSolution
		HideSolutionNode = FALSE
	EndGlobalSection
	GlobalSection(ExtensibilityGlobals) = postSolution
		SolutionGuid = {E6A61E62-915C-4669-B794-227560D5DF88}
	EndGlobalSection
EndGlobal
